
Microsoft Visual Studio Solution File, Format Version 12.00
# Visual Studio Version 17
VisualStudioVersion = 17.2.32616.157
MinimumVisualStudioVersion = 10.0.40219.1
Project("{FAE04EC0-301F-11D3-BF4B-00C04F79EFBC}") = "UPC_PI2_Backend", "UPC_PI2_Backend.csproj", "{A8DDFEC0-6B87-40C3-AFE0-B6005BF13B50}"
EndProject
Global
	GlobalSection(SolutionConfigurationPlatforms) = preSolution
		Debug|Any CPU = Debug|Any CPU
		Release|Any CPU = Release|Any CPU
	EndGlobalSection
	GlobalSection(ProjectConfigurationPlatforms) = postSolution
		{A8DDFEC0-6B87-40C3-AFE0-B6005BF13B50}.Debug|Any CPU.ActiveCfg = Debug|Any CPU
		{A8DDFEC0-6B87-40C3-AFE0-B6005BF13B50}.Debug|Any CPU.Build.0 = Debug|Any CPU
		{A8DDFEC0-6B87-40C3-AFE0-B6005BF13B50}.Release|Any CPU.ActiveCfg = Release|Any CPU
		{A8DDFEC0-6B87-40C3-AFE0-B6005BF13B50}.Release|Any CPU.Build.0 = Release|Any CPU
	EndGlobalSection
	GlobalSection(SolutionProperties) = preSolution
		HideSolutionNode = FALSE
	EndGlobalSection
	GlobalSection(ExtensibilityGlobals) = postSolution
		SolutionGuid = {A303AA8E-8813-4776-81D9-754E71D4522B}
	EndGlobalSection
EndGlobal
